# THIS IS AN AUTOGENERATED FILE. DO NOT EDIT THIS FILE DIRECTLY.
# yarn lockfile v1


cape-lodash@^1.13.2:
  version "1.13.2"
  resolved "https://registry.yarnpkg.com/cape-lodash/-/cape-lodash-1.13.2.tgz#3f41a2ad9c876795ce9497da5c2f4e5b95f92486"
  dependencies:
    lodash "^4.17.4"

lodash@^4.17.10, lodash@^4.17.4:
  version "4.17.10"
  resolved "https://registry.yarnpkg.com/lodash/-/lodash-4.17.10.tgz#1b7793cf7259ea38fb3661d4d38b3260af8ae4e7"
